{
    "name": "pino-zen",
    "version": "3.2.0",
    "lockfileVersion": 2,
    "requires": true,
    "packages": {
        "": {
            "name": "pino-zen",
            "version": "3.2.0",
            "license": "MIT",
            "dependencies": {
                "chalk": "^5.6.2",
                "pino-abstract-transport": "^3.0.0",
                "sonic-boom": "^4.2.1",
                "split2": "^4.2.0"
            },
            "bin": {
                "pino-zen": "lib/pino-zen-cli.js"
            },
            "devDependencies": {
                "@biomejs/biome": "^2.4.5",
                "@types/node": "^25.x.x",
                "@types/split2": "^4.2.3",
                "typescript": "^5.9.3"
            },
            "engines": {
                "node": ">=18"
            }
        },
        "node_modules/@biomejs/biome": {
            "version": "2.4.5",
            "resolved": "https://registry.npmjs.org/@biomejs/biome/-/biome-2.4.5.tgz",
            "integrity": "sha512-OWNCyMS0Q011R6YifXNOg6qsOg64IVc7XX6SqGsrGszPbkVCoaO7Sr/lISFnXZ9hjQhDewwZ40789QmrG0GYgQ==",
            "dev": true,
            "license": "MIT OR Apache-2.0",
            "bin": {
                "biome": "bin/biome"
            },
            "engines": {
                "node": ">=14.21.3"
            },
            "funding": {
                "type": "opencollective",
                "url": "https://opencollective.com/biome"
            },
            "optionalDependencies": {
                "@biomejs/cli-darwin-arm64": "2.4.5",
                "@biomejs/cli-darwin-x64": "2.4.5",
                "@biomejs/cli-linux-arm64": "2.4.5",
                "@biomejs/cli-linux-arm64-musl": "2.4.5",
                "@biomejs/cli-linux-x64": "2.4.5",
                "@biomejs/cli-linux-x64-musl": "2.4.5",
                "@biomejs/cli-win32-arm64": "2.4.5",
                "@biomejs/cli-win32-x64": "2.4.5"
            }
        },
        "node_modules/@biomejs/cli-darwin-arm64": {
            "version": "2.4.5",
            "resolved": "https://registry.npmjs.org/@biomejs/cli-darwin-arm64/-/cli-darwin-arm64-2.4.5.tgz",
            "integrity": "sha512-lGS4Nd5O3KQJ6TeWv10mElnx1phERhBxqGP/IKq0SvZl78kcWDFMaTtVK+w3v3lusRFxJY78n07PbKplirsU5g==",
            "cpu": [
                "arm64"
            ],
            "dev": true,
            "license": "MIT OR Apache-2.0",
            "optional": true,
            "os": [
                "darwin"
            ],
            "engines": {
                "node": ">=14.21.3"
            }
        },
        "node_modules/@biomejs/cli-darwin-x64": {
            "version": "2.4.5",
            "resolved": "https://registry.npmjs.org/@biomejs/cli-darwin-x64/-/cli-darwin-x64-2.4.5.tgz",
            "integrity": "sha512-6MoH4tyISIBNkZ2Q5T1R7dLd5BsITb2yhhhrU9jHZxnNSNMWl+s2Mxu7NBF8Y3a7JJcqq9nsk8i637z4gqkJxQ==",
            "cpu": [
                "x64"
            ],
            "dev": true,
            "license": "MIT OR Apache-2.0",
            "optional": true,
            "os": [
                "darwin"
            ],
            "engines": {
                "node": ">=14.21.3"
            }
        },
        "node_modules/@biomejs/cli-linux-arm64": {
            "version": "2.4.5",
            "resolved": "https://registry.npmjs.org/@biomejs/cli-linux-arm64/-/cli-linux-arm64-2.4.5.tgz",
            "integrity": "sha512-U1GAG6FTjhAO04MyH4xn23wRNBkT6H7NentHh+8UxD6ShXKBm5SY4RedKJzkUThANxb9rUKIPc7B8ew9Xo/cWg==",
            "cpu": [
                "arm64"
            ],
            "dev": true,
            "license": "MIT OR Apache-2.0",
            "optional": true,
            "os": [
                "linux"
            ],
            "engines": {
                "node": ">=14.21.3"
            }
        },
        "node_modules/@biomejs/cli-linux-arm64-musl": {
            "version": "2.4.5",
            "resolved": "https://registry.npmjs.org/@biomejs/cli-linux-arm64-musl/-/cli-linux-arm64-musl-2.4.5.tgz",
            "integrity": "sha512-iqLDgpzobG7gpBF0fwEVS/LT8kmN7+S0E2YKFDtqliJfzNLnAiV2Nnyb+ehCDCJgAZBASkYHR2o60VQWikpqIg==",
            "cpu": [
                "arm64"
            ],
            "dev": true,
            "license": "MIT OR Apache-2.0",
            "optional": true,
            "os": [
                "linux"
            ],
            "engines": {
                "node": ">=14.21.3"
            }
        },
        "node_modules/@biomejs/cli-linux-x64": {
            "version": "2.4.5",
            "resolved": "https://registry.npmjs.org/@biomejs/cli-linux-x64/-/cli-linux-x64-2.4.5.tgz",
            "integrity": "sha512-NdODlSugMzTlENPTa4z0xB82dTUlCpsrOxc43///aNkTLblIYH4XpYflBbf5ySlQuP8AA4AZd1qXhV07IdrHdQ==",
            "cpu": [
                "x64"
            ],
            "dev": true,
            "license": "MIT OR Apache-2.0",
            "optional": true,
            "os": [
                "linux"
            ],
            "engines": {
                "node": ">=14.21.3"
            }
        },
        "node_modules/@biomejs/cli-linux-x64-musl": {
            "version": "2.4.5",
            "resolved": "https://registry.npmjs.org/@biomejs/cli-linux-x64-musl/-/cli-linux-x64-musl-2.4.5.tgz",
            "integrity": "sha512-NlKa7GpbQmNhZf9kakQeddqZyT7itN7jjWdakELeXyTU3pg/83fTysRRDPJD0akTfKDl6vZYNT9Zqn4MYZVBOA==",
            "cpu": [
                "x64"
            ],
            "dev": true,
            "license": "MIT OR Apache-2.0",
            "optional": true,
            "os": [
                "linux"
            ],
            "engines": {
                "node": ">=14.21.3"
            }
        },
        "node_modules/@biomejs/cli-win32-arm64": {
            "version": "2.4.5",
            "resolved": "https://registry.npmjs.org/@biomejs/cli-win32-arm64/-/cli-win32-arm64-2.4.5.tgz",
            "integrity": "sha512-EBfrTqRIWOFSd7CQb/0ttjHMR88zm3hGravnDwUA9wHAaCAYsULKDebWcN5RmrEo1KBtl/gDVJMrFjNR0pdGUw==",
            "cpu": [
                "arm64"
            ],
            "dev": true,
            "license": "MIT OR Apache-2.0",
            "optional": true,
            "os": [
                "win32"
            ],
            "engines": {
                "node": ">=14.21.3"
            }
        },
        "node_modules/@biomejs/cli-win32-x64": {
            "version": "2.4.5",
            "resolved": "https://registry.npmjs.org/@biomejs/cli-win32-x64/-/cli-win32-x64-2.4.5.tgz",
            "integrity": "sha512-Pmhv9zT95YzECfjEHNl3mN9Vhusw9VA5KHY0ZvlGsxsjwS5cb7vpRnHzJIv0vG7jB0JI7xEaMH9ddfZm/RozBw==",
            "cpu": [
                "x64"
            ],
            "dev": true,
            "license": "MIT OR Apache-2.0",
            "optional": true,
            "os": [
                "win32"
            ],
            "engines": {
                "node": ">=14.21.3"
            }
        },
        "node_modules/@types/node": {
            "version": "25.1.0",
            "resolved": "https://registry.npmjs.org/@types/node/-/node-25.1.0.tgz",
            "integrity": "sha512-t7frlewr6+cbx+9Ohpl0NOTKXZNV9xHRmNOvql47BFJKcEG1CxtxlPEEe+gR9uhVWM4DwhnvTF110mIL4yP9RA==",
            "dev": true,
            "license": "MIT",
            "dependencies": {
                "undici-types": "~7.16.0"
            }
        },
        "node_modules/@types/split2": {
            "version": "4.2.3",
            "resolved": "https://registry.npmjs.org/@types/split2/-/split2-4.2.3.tgz",
            "integrity": "sha512-59OXIlfUsi2k++H6CHgUQKEb2HKRokUA39HY1i1dS8/AIcqVjtAAFdf8u+HxTWK/4FUHMJQlKSZ4I6irCBJ1Zw==",
            "dev": true,
            "license": "MIT",
            "dependencies": {
                "@types/node": "*"
            }
        },
        "node_modules/atomic-sleep": {
            "version": "1.0.0",
            "resolved": "https://registry.npmjs.org/atomic-sleep/-/atomic-sleep-1.0.0.tgz",
            "integrity": "sha512-kNOjDqAh7px0XWNI+4QbzoiR/nTkHAWNud2uvnJquD1/x5a7EQZMJT0AczqK0Qn67oY/TTQ1LbUKajZpp3I9tQ==",
            "engines": {
                "node": ">=8.0.0"
            }
        },
        "node_modules/chalk": {
            "version": "5.6.2",
            "resolved": "https://registry.npmjs.org/chalk/-/chalk-5.6.2.tgz",
            "integrity": "sha512-7NzBL0rN6fMUW+f7A6Io4h40qQlG+xGmtMxfbnH/K7TAtt8JQWVQK+6g0UXKMeVJoyV5EkkNsErQ8pVD3bLHbA==",
            "license": "MIT",
            "engines": {
                "node": "^12.17.0 || ^14.13 || >=16.0.0"
            },
            "funding": {
                "url": "https://github.com/chalk/chalk?sponsor=1"
            }
        },
        "node_modules/pino-abstract-transport": {
            "version": "3.0.0",
            "resolved": "https://registry.npmjs.org/pino-abstract-transport/-/pino-abstract-transport-3.0.0.tgz",
            "integrity": "sha512-wlfUczU+n7Hy/Ha5j9a/gZNy7We5+cXp8YL+X+PG8S0KXxw7n/JXA3c46Y0zQznIJ83URJiwy7Lh56WLokNuxg==",
            "license": "MIT",
            "dependencies": {
                "split2": "^4.0.0"
            }
        },
        "node_modules/sonic-boom": {
            "version": "4.2.1",
            "resolved": "https://registry.npmjs.org/sonic-boom/-/sonic-boom-4.2.1.tgz",
            "integrity": "sha512-w6AxtubXa2wTXAUsZMMWERrsIRAdrK0Sc+FUytWvYAhBJLyuI4llrMIC1DtlNSdI99EI86KZum2MMq3EAZlF9Q==",
            "license": "MIT",
            "dependencies": {
                "atomic-sleep": "^1.0.0"
            }
        },
        "node_modules/split2": {
            "version": "4.2.0",
            "resolved": "https://registry.npmjs.org/split2/-/split2-4.2.0.tgz",
            "integrity": "sha512-UcjcJOWknrNkF6PLX83qcHM6KHgVKNkV62Y8a5uYDVv9ydGQVwAHMKqHdJje1VTWpljG0WYpCDhrCdAOYH4TWg==",
            "license": "ISC",
            "engines": {
                "node": ">= 10.x"
            }
        },
        "node_modules/typescript": {
            "version": "5.9.3",
            "resolved": "https://registry.npmjs.org/typescript/-/typescript-5.9.3.tgz",
            "integrity": "sha512-jl1vZzPDinLr9eUt3J/t7V6FgNEw9QjvBPdysz9KfQDD41fQrC2Y4vKQdiaUpFT4bXlb1RHhLpp8wtm6M5TgSw==",
            "dev": true,
            "license": "Apache-2.0",
            "bin": {
                "tsc": "bin/tsc",
                "tsserver": "bin/tsserver"
            },
            "engines": {
                "node": ">=14.17"
            }
        },
        "node_modules/undici-types": {
            "version": "7.16.0",
            "resolved": "https://registry.npmjs.org/undici-types/-/undici-types-7.16.0.tgz",
            "integrity": "sha512-Zz+aZWSj8LE6zoxD+xrjh4VfkIG8Ya6LvYkZqtUQGJPZjYl53ypCaUwWqo7eI0x66KBGeRo+mlBEkMSeSZ38Nw==",
            "dev": true,
            "license": "MIT"
        }
    },
    "dependencies": {
        "@biomejs/biome": {
            "version": "2.4.5",
            "resolved": "https://registry.npmjs.org/@biomejs/biome/-/biome-2.4.5.tgz",
            "integrity": "sha512-OWNCyMS0Q011R6YifXNOg6qsOg64IVc7XX6SqGsrGszPbkVCoaO7Sr/lISFnXZ9hjQhDewwZ40789QmrG0GYgQ==",
            "dev": true,
            "requires": {
                "@biomejs/cli-darwin-arm64": "2.4.5",
                "@biomejs/cli-darwin-x64": "2.4.5",
                "@biomejs/cli-linux-arm64": "2.4.5",
                "@biomejs/cli-linux-arm64-musl": "2.4.5",
                "@biomejs/cli-linux-x64": "2.4.5",
                "@biomejs/cli-linux-x64-musl": "2.4.5",
                "@biomejs/cli-win32-arm64": "2.4.5",
                "@biomejs/cli-win32-x64": "2.4.5"
            }
        },
        "@biomejs/cli-darwin-arm64": {
            "version": "2.4.5",
            "resolved": "https://registry.npmjs.org/@biomejs/cli-darwin-arm64/-/cli-darwin-arm64-2.4.5.tgz",
            "integrity": "sha512-lGS4Nd5O3KQJ6TeWv10mElnx1phERhBxqGP/IKq0SvZl78kcWDFMaTtVK+w3v3lusRFxJY78n07PbKplirsU5g==",
            "dev": true,
            "optional": true
        },
        "@biomejs/cli-darwin-x64": {
            "version": "2.4.5",
            "resolved": "https://registry.npmjs.org/@biomejs/cli-darwin-x64/-/cli-darwin-x64-2.4.5.tgz",
            "integrity": "sha512-6MoH4tyISIBNkZ2Q5T1R7dLd5BsITb2yhhhrU9jHZxnNSNMWl+s2Mxu7NBF8Y3a7JJcqq9nsk8i637z4gqkJxQ==",
            "dev": true,
            "optional": true
        },
        "@biomejs/cli-linux-arm64": {
            "version": "2.4.5",
            "resolved": "https://registry.npmjs.org/@biomejs/cli-linux-arm64/-/cli-linux-arm64-2.4.5.tgz",
            "integrity": "sha512-U1GAG6FTjhAO04MyH4xn23wRNBkT6H7NentHh+8UxD6ShXKBm5SY4RedKJzkUThANxb9rUKIPc7B8ew9Xo/cWg==",
            "dev": true,
            "optional": true
        },
        "@biomejs/cli-linux-arm64-musl": {
            "version": "2.4.5",
            "resolved": "https://registry.npmjs.org/@biomejs/cli-linux-arm64-musl/-/cli-linux-arm64-musl-2.4.5.tgz",
            "integrity": "sha512-iqLDgpzobG7gpBF0fwEVS/LT8kmN7+S0E2YKFDtqliJfzNLnAiV2Nnyb+ehCDCJgAZBASkYHR2o60VQWikpqIg==",
            "dev": true,
            "optional": true
        },
        "@biomejs/cli-linux-x64": {
            "version": "2.4.5",
            "resolved": "https://registry.npmjs.org/@biomejs/cli-linux-x64/-/cli-linux-x64-2.4.5.tgz",
            "integrity": "sha512-NdODlSugMzTlENPTa4z0xB82dTUlCpsrOxc43///aNkTLblIYH4XpYflBbf5ySlQuP8AA4AZd1qXhV07IdrHdQ==",
            "dev": true,
            "optional": true
        },
        "@biomejs/cli-linux-x64-musl": {
            "version": "2.4.5",
            "resolved": "https://registry.npmjs.org/@biomejs/cli-linux-x64-musl/-/cli-linux-x64-musl-2.4.5.tgz",
            "integrity": "sha512-NlKa7GpbQmNhZf9kakQeddqZyT7itN7jjWdakELeXyTU3pg/83fTysRRDPJD0akTfKDl6vZYNT9Zqn4MYZVBOA==",
            "dev": true,
            "optional": true
        },
        "@biomejs/cli-win32-arm64": {
            "version": "2.4.5",
            "resolved": "https://registry.npmjs.org/@biomejs/cli-win32-arm64/-/cli-win32-arm64-2.4.5.tgz",
            "integrity": "sha512-EBfrTqRIWOFSd7CQb/0ttjHMR88zm3hGravnDwUA9wHAaCAYsULKDebWcN5RmrEo1KBtl/gDVJMrFjNR0pdGUw==",
            "dev": true,
            "optional": true
        },
        "@biomejs/cli-win32-x64": {
            "version": "2.4.5",
            "resolved": "https://registry.npmjs.org/@biomejs/cli-win32-x64/-/cli-win32-x64-2.4.5.tgz",
            "integrity": "sha512-Pmhv9zT95YzECfjEHNl3mN9Vhusw9VA5KHY0ZvlGsxsjwS5cb7vpRnHzJIv0vG7jB0JI7xEaMH9ddfZm/RozBw==",
            "dev": true,
            "optional": true
        },
        "@types/node": {
            "version": "25.1.0",
            "resolved": "https://registry.npmjs.org/@types/node/-/node-25.1.0.tgz",
            "integrity": "sha512-t7frlewr6+cbx+9Ohpl0NOTKXZNV9xHRmNOvql47BFJKcEG1CxtxlPEEe+gR9uhVWM4DwhnvTF110mIL4yP9RA==",
            "dev": true,
            "requires": {
                "undici-types": "~7.16.0"
            }
        },
        "@types/split2": {
            "version": "4.2.3",
            "resolved": "https://registry.npmjs.org/@types/split2/-/split2-4.2.3.tgz",
            "integrity": "sha512-59OXIlfUsi2k++H6CHgUQKEb2HKRokUA39HY1i1dS8/AIcqVjtAAFdf8u+HxTWK/4FUHMJQlKSZ4I6irCBJ1Zw==",
            "dev": true,
            "requires": {
                "@types/node": "*"
            }
        },
        "atomic-sleep": {
            "version": "1.0.0",
            "resolved": "https://registry.npmjs.org/atomic-sleep/-/atomic-sleep-1.0.0.tgz",
            "integrity": "sha512-kNOjDqAh7px0XWNI+4QbzoiR/nTkHAWNud2uvnJquD1/x5a7EQZMJT0AczqK0Qn67oY/TTQ1LbUKajZpp3I9tQ=="
        },
        "chalk": {
            "version": "5.6.2",
            "resolved": "https://registry.npmjs.org/chalk/-/chalk-5.6.2.tgz",
            "integrity": "sha512-7NzBL0rN6fMUW+f7A6Io4h40qQlG+xGmtMxfbnH/K7TAtt8JQWVQK+6g0UXKMeVJoyV5EkkNsErQ8pVD3bLHbA=="
        },
        "pino-abstract-transport": {
            "version": "3.0.0",
            "resolved": "https://registry.npmjs.org/pino-abstract-transport/-/pino-abstract-transport-3.0.0.tgz",
            "integrity": "sha512-wlfUczU+n7Hy/Ha5j9a/gZNy7We5+cXp8YL+X+PG8S0KXxw7n/JXA3c46Y0zQznIJ83URJiwy7Lh56WLokNuxg==",
            "requires": {
                "split2": "^4.0.0"
            }
        },
        "sonic-boom": {
            "version": "4.2.1",
            "resolved": "https://registry.npmjs.org/sonic-boom/-/sonic-boom-4.2.1.tgz",
            "integrity": "sha512-w6AxtubXa2wTXAUsZMMWERrsIRAdrK0Sc+FUytWvYAhBJLyuI4llrMIC1DtlNSdI99EI86KZum2MMq3EAZlF9Q==",
            "requires": {
                "atomic-sleep": "^1.0.0"
            }
        },
        "split2": {
            "version": "4.2.0",
            "resolved": "https://registry.npmjs.org/split2/-/split2-4.2.0.tgz",
            "integrity": "sha512-UcjcJOWknrNkF6PLX83qcHM6KHgVKNkV62Y8a5uYDVv9ydGQVwAHMKqHdJje1VTWpljG0WYpCDhrCdAOYH4TWg=="
        },
        "typescript": {
            "version": "5.9.3",
            "resolved": "https://registry.npmjs.org/typescript/-/typescript-5.9.3.tgz",
            "integrity": "sha512-jl1vZzPDinLr9eUt3J/t7V6FgNEw9QjvBPdysz9KfQDD41fQrC2Y4vKQdiaUpFT4bXlb1RHhLpp8wtm6M5TgSw==",
            "dev": true
        },
        "undici-types": {
            "version": "7.16.0",
            "resolved": "https://registry.npmjs.org/undici-types/-/undici-types-7.16.0.tgz",
            "integrity": "sha512-Zz+aZWSj8LE6zoxD+xrjh4VfkIG8Ya6LvYkZqtUQGJPZjYl53ypCaUwWqo7eI0x66KBGeRo+mlBEkMSeSZ38Nw==",
            "dev": true
        }
    }
}
